
Microsoft Visual Studio Solution File, Format Version 11.00
# Visual Studio 2010
Project("{FAE04EC0-301F-11D3-BF4B-00C04F79EFBC}") = "NQUnit.NUnit", "NQUnit.NUnit\NQUnit.NUnit.csproj", "{3E79FCC9-E410-49FF-875D-4763F18CD9BB}"
EndProject
Project("{FAE04EC0-301F-11D3-BF4B-00C04F79EFBC}") = "NQUnit", "NQUnit\NQUnit.csproj", "{B49C823C-2FBB-4EED-91B9-A312DB07F625}"
EndProject
Global
	GlobalSection(SolutionConfigurationPlatforms) = preSolution
		Debug|Any CPU = Debug|Any CPU
		Release|Any CPU = Release|Any CPU
	EndGlobalSection
	GlobalSection(ProjectConfigurationPlatforms) = postSolution
		{3E79FCC9-E410-49FF-875D-4763F18CD9BB}.Debug|Any CPU.ActiveCfg = Debug|Any CPU
		{3E79FCC9-E410-49FF-875D-4763F18CD9BB}.Debug|Any CPU.Build.0 = Debug|Any CPU
		{3E79FCC9-E410-49FF-875D-4763F18CD9BB}.Release|Any CPU.ActiveCfg = Release|Any CPU
		{3E79FCC9-E410-49FF-875D-4763F18CD9BB}.Release|Any CPU.Build.0 = Release|Any CPU
		{B49C823C-2FBB-4EED-91B9-A312DB07F625}.Debug|Any CPU.ActiveCfg = Debug|Any CPU
		{B49C823C-2FBB-4EED-91B9-A312DB07F625}.Debug|Any CPU.Build.0 = Debug|Any CPU
		{B49C823C-2FBB-4EED-91B9-A312DB07F625}.Release|Any CPU.ActiveCfg = Release|Any CPU
		{B49C823C-2FBB-4EED-91B9-A312DB07F625}.Release|Any CPU.Build.0 = Release|Any CPU
	EndGlobalSection
	GlobalSection(SolutionProperties) = preSolution
		HideSolutionNode = FALSE
	EndGlobalSection
EndGlobal
